{
  "version": 4,
  "terraform_version": "1.9.6",
  "serial": 3,
  "lineage": "aee0d33c-dfb2-2de7-3d41-131c84723e96",
  "outputs": {},
  "resources": [
    {
      "mode": "managed",
      "type": "local_file",
      "name": "test_file",
      "provider": "provider[\"registry.terraform.io/hashicorp/local\"]",
      "instances": [
        {
          "schema_version": 0,
          "attributes": {
            "content": "This is a test file",
            "content_base64": null,
            "content_base64sha256": "4tD+FYWmPsYAnIAW/43aixdxmmN0BaTiPA/4EzkUgkk=",
            "content_base64sha512": "v+e5n7l7oySa8IzEPZv9ObIMby6XAQtZKEBtGVi0cB0vBTGH2lIsTIeN0FZ+eT2e1xBJBc2N89H2+6yeIMitkQ==",
            "content_md5": "0b26e313ed4a7ca6904b0e9369e5b957",
            "content_sha1": "91b7b0b1e27bfbf7bc646946f35fa972c47c2d32",
            "content_sha256": "e2d0fe1585a63ec6009c8016ff8dda8b17719a637405a4e23c0ff81339148249",
            "content_sha512": "bfe7b99fb97ba3249af08cc43d9bfd39b20c6f2e97010b5928406d1958b4701d2f053187da522c4c878dd0567e793d9ed7104905cd8df3d1f6fbac9e20c8ad91",
            "directory_permission": "0777",
            "file_permission": "0777",
            "filename": "test.txt",
            "id": "91b7b0b1e27bfbf7bc646946f35fa972c47c2d32",
            "sensitive_content": null,
            "source": null
          },
          "sensitive_attributes": [
            [
              {
                "type": "get_attr",
                "value": "sensitive_content"
              }
            ]
          ]
        }
      ]
    },
    {
      "mode": "managed",
      "type": "local_file",
      "name": "test_file2",
      "provider": "provider[\"registry.terraform.io/hashicorp/local\"]",
      "instances": [
        {
          "schema_version": 0,
          "attributes": {
            "content": "This is a test 2 file",
            "content_base64": null,
            "content_base64sha256": "7IdRGk9+Q+BlG8xGyOh34X9buJMkHvPXqOGcmEejSXA=",
            "content_base64sha512": "FBYwyio0SAyVkRnNfb5FC5l4VB36u4Ek320sPJyDj4GOKHYw6pvOL/2KPIS2B/yycRox2N52a008S6g0fwyMYg==",
            "content_md5": "ccce98a97f45c084ae5d47efc2bd8a46",
            "content_sha1": "b119f37ea82d728b6eda94113621bc9145f62687",
            "content_sha256": "ec87511a4f7e43e0651bcc46c8e877e17f5bb893241ef3d7a8e19c9847a34970",
            "content_sha512": "141630ca2a34480c959119cd7dbe450b9978541dfabb8124df6d2c3c9c838f818e287630ea9bce2ffd8a3c84b607fcb2711a31d8de766b4d3c4ba8347f0c8c62",
            "directory_permission": "0777",
            "file_permission": "0777",
            "filename": "test2.txt",
            "id": "b119f37ea82d728b6eda94113621bc9145f62687",
            "sensitive_content": null,
            "source": null
          },
          "sensitive_attributes": [
            [
              {
                "type": "get_attr",
                "value": "sensitive_content"
              }
            ]
          ]
        }
      ]
    }
  ],
  "check_results": null
}
